{
  "name": "SkellyAndSly",
  "lockfileVersion": 3,
  "requires": true,
  "packages": {
    "": {
      "name": "SkellyAndSly",
      "dependencies": {
        "ts-md5": "^2.0.1"
      }
    },
    "node_modules/ts-md5": {
      "version": "2.0.1",
      "resolved": "https://registry.npmjs.org/ts-md5/-/ts-md5-2.0.1.tgz",
      "integrity": "sha512-yF35FCoEOFBzOclSkMNEUbFQZuv89KEQ+5Xz03HrMSGUGB1+r+El+JiGOFwsP4p9RFNzwlrydYoTLvPOuICl9w==",
      "license": "MIT",
      "engines": {
        "node": ">=18"
      }
    }
  }
}
